
Microsoft Visual Studio Solution File, Format Version 12.00
# Visual Studio 14
VisualStudioVersion = 14.0.25420.1
MinimumVisualStudioVersion = 10.0.40219.1
Project("{2150E333-8FDC-42A3-9474-1A3956D46DE8}") = "src", "src", "{3FC4412D-9D6D-4E9B-A31D-4B5C02F4099A}"
EndProject
Project("{2150E333-8FDC-42A3-9474-1A3956D46DE8}") = "Solution Items", "Solution Items", "{6ECBEF48-87F2-49AC-B4FD-C6F113465FAC}"
	ProjectSection(SolutionItems) = preProject
		global.json = global.json
	EndProjectSection
EndProject
Project("{8BB2217D-0F2D-49D1-97BC-3654ED321F3B}") = "EventPlanner", "src\EventPlanner\EventPlanner.xproj", "{9CDF13D2-FD09-4B66-8BD2-95DD92A7FA83}"
EndProject
Project("{FAE04EC0-301F-11D3-BF4B-00C04F79EFBC}") = "Entities", "EventPlanner.Entities\Entities.csproj", "{C09000F1-4E7B-4A6F-A8B5-A9751FBC0725}"
EndProject
Global
	GlobalSection(SolutionConfigurationPlatforms) = preSolution
		Debug|Any CPU = Debug|Any CPU
		Release|Any CPU = Release|Any CPU
	EndGlobalSection
	GlobalSection(ProjectConfigurationPlatforms) = postSolution
		{9CDF13D2-FD09-4B66-8BD2-95DD92A7FA83}.Debug|Any CPU.ActiveCfg = Debug|Any CPU
		{9CDF13D2-FD09-4B66-8BD2-95DD92A7FA83}.Debug|Any CPU.Build.0 = Debug|Any CPU
		{9CDF13D2-FD09-4B66-8BD2-95DD92A7FA83}.Release|Any CPU.ActiveCfg = Release|Any CPU
		{9CDF13D2-FD09-4B66-8BD2-95DD92A7FA83}.Release|Any CPU.Build.0 = Release|Any CPU
		{C09000F1-4E7B-4A6F-A8B5-A9751FBC0725}.Debug|Any CPU.ActiveCfg = Debug|Any CPU
		{C09000F1-4E7B-4A6F-A8B5-A9751FBC0725}.Debug|Any CPU.Build.0 = Debug|Any CPU
		{C09000F1-4E7B-4A6F-A8B5-A9751FBC0725}.Release|Any CPU.ActiveCfg = Release|Any CPU
		{C09000F1-4E7B-4A6F-A8B5-A9751FBC0725}.Release|Any CPU.Build.0 = Release|Any CPU
	EndGlobalSection
	GlobalSection(SolutionProperties) = preSolution
		HideSolutionNode = FALSE
	EndGlobalSection
	GlobalSection(NestedProjects) = preSolution
		{9CDF13D2-FD09-4B66-8BD2-95DD92A7FA83} = {3FC4412D-9D6D-4E9B-A31D-4B5C02F4099A}
		{C09000F1-4E7B-4A6F-A8B5-A9751FBC0725} = {3FC4412D-9D6D-4E9B-A31D-4B5C02F4099A}
	EndGlobalSection
EndGlobal
