
Microsoft Visual Studio Solution File, Format Version 12.00
# Visual Studio 14
VisualStudioVersion = 14.0.25420.1
MinimumVisualStudioVersion = 10.0.40219.1
Project("{2150E333-8FDC-42A3-9474-1A3956D46DE8}") = "Source", "Source", "{3FC4412D-9D6D-4E9B-A31D-4B5C02F4099A}"
EndProject
Project("{2150E333-8FDC-42A3-9474-1A3956D46DE8}") = "Solution Items", "Solution Items", "{6ECBEF48-87F2-49AC-B4FD-C6F113465FAC}"
	ProjectSection(SolutionItems) = preProject
		global.json = global.json
	EndProjectSection
EndProject
Project("{FAE04EC0-301F-11D3-BF4B-00C04F79EFBC}") = "Entities", "EventPlanner.Entities\Entities.csproj", "{C09000F1-4E7B-4A6F-A8B5-A9751FBC0725}"
EndProject
Project("{2150E333-8FDC-42A3-9474-1A3956D46DE8}") = "Tests", "Tests", "{77DED5F1-379F-4F38-84B0-8891307C6FBF}"
EndProject
Project("{8BB2217D-0F2D-49D1-97BC-3654ED321F3B}") = "EventPlanner.Entities.UnitTests", "EventPlanner.Entities.UnitTests\EventPlanner.Entities.UnitTests.xproj", "{11BA98E0-51DA-4FD0-AADD-15AA2AAD5F50}"
EndProject
Project("{8BB2217D-0F2D-49D1-97BC-3654ED321F3B}") = "EventPlanner", "EventPlanner\EventPlanner.xproj", "{257BA49F-F5F3-47C8-9A23-1831EB396A52}"
EndProject
Project("{FAE04EC0-301F-11D3-BF4B-00C04F79EFBC}") = "Services", "EventPlanner.Services\Services.csproj", "{106F649C-BD4E-42EA-BE51-E7721EAD20C8}"
EndProject
Project("{FAE04EC0-301F-11D3-BF4B-00C04F79EFBC}") = "FoursquareVenuesService", "FoursquareVenuesService\FoursquareVenuesService.csproj", "{CBF55C00-1BD1-4838-85FB-2F769536F0A0}"
EndProject
Global
	GlobalSection(SolutionConfigurationPlatforms) = preSolution
		Debug|Any CPU = Debug|Any CPU
		Release|Any CPU = Release|Any CPU
	EndGlobalSection
	GlobalSection(ProjectConfigurationPlatforms) = postSolution
		{C09000F1-4E7B-4A6F-A8B5-A9751FBC0725}.Debug|Any CPU.ActiveCfg = Debug|Any CPU
		{C09000F1-4E7B-4A6F-A8B5-A9751FBC0725}.Debug|Any CPU.Build.0 = Debug|Any CPU
		{C09000F1-4E7B-4A6F-A8B5-A9751FBC0725}.Release|Any CPU.ActiveCfg = Release|Any CPU
		{C09000F1-4E7B-4A6F-A8B5-A9751FBC0725}.Release|Any CPU.Build.0 = Release|Any CPU
		{11BA98E0-51DA-4FD0-AADD-15AA2AAD5F50}.Debug|Any CPU.ActiveCfg = Debug|Any CPU
		{11BA98E0-51DA-4FD0-AADD-15AA2AAD5F50}.Debug|Any CPU.Build.0 = Debug|Any CPU
		{11BA98E0-51DA-4FD0-AADD-15AA2AAD5F50}.Release|Any CPU.ActiveCfg = Release|Any CPU
		{11BA98E0-51DA-4FD0-AADD-15AA2AAD5F50}.Release|Any CPU.Build.0 = Release|Any CPU
		{257BA49F-F5F3-47C8-9A23-1831EB396A52}.Debug|Any CPU.ActiveCfg = Debug|Any CPU
		{257BA49F-F5F3-47C8-9A23-1831EB396A52}.Debug|Any CPU.Build.0 = Debug|Any CPU
		{257BA49F-F5F3-47C8-9A23-1831EB396A52}.Release|Any CPU.ActiveCfg = Release|Any CPU
		{257BA49F-F5F3-47C8-9A23-1831EB396A52}.Release|Any CPU.Build.0 = Release|Any CPU
		{106F649C-BD4E-42EA-BE51-E7721EAD20C8}.Debug|Any CPU.ActiveCfg = Debug|Any CPU
		{106F649C-BD4E-42EA-BE51-E7721EAD20C8}.Debug|Any CPU.Build.0 = Debug|Any CPU
		{106F649C-BD4E-42EA-BE51-E7721EAD20C8}.Release|Any CPU.ActiveCfg = Release|Any CPU
		{106F649C-BD4E-42EA-BE51-E7721EAD20C8}.Release|Any CPU.Build.0 = Release|Any CPU
		{CBF55C00-1BD1-4838-85FB-2F769536F0A0}.Debug|Any CPU.ActiveCfg = Debug|Any CPU
		{CBF55C00-1BD1-4838-85FB-2F769536F0A0}.Debug|Any CPU.Build.0 = Debug|Any CPU
		{CBF55C00-1BD1-4838-85FB-2F769536F0A0}.Release|Any CPU.ActiveCfg = Release|Any CPU
		{CBF55C00-1BD1-4838-85FB-2F769536F0A0}.Release|Any CPU.Build.0 = Release|Any CPU
	EndGlobalSection
	GlobalSection(SolutionProperties) = preSolution
		HideSolutionNode = FALSE
	EndGlobalSection
	GlobalSection(NestedProjects) = preSolution
		{C09000F1-4E7B-4A6F-A8B5-A9751FBC0725} = {3FC4412D-9D6D-4E9B-A31D-4B5C02F4099A}
		{11BA98E0-51DA-4FD0-AADD-15AA2AAD5F50} = {77DED5F1-379F-4F38-84B0-8891307C6FBF}
		{257BA49F-F5F3-47C8-9A23-1831EB396A52} = {3FC4412D-9D6D-4E9B-A31D-4B5C02F4099A}
		{106F649C-BD4E-42EA-BE51-E7721EAD20C8} = {3FC4412D-9D6D-4E9B-A31D-4B5C02F4099A}
		{CBF55C00-1BD1-4838-85FB-2F769536F0A0} = {3FC4412D-9D6D-4E9B-A31D-4B5C02F4099A}
	EndGlobalSection
EndGlobal
